// !$*UTF8*$!
{
	archiveVersion = 1;
	classes = {
	};
	objectVersion = 56;
	objects = {

/* Begin PBXBuildFile section */
		EC56FAC12AD7D05A0078459E /* AppDelegate.swift in Sources */ = {isa = PBXBuildFile; fileRef = EC56FAC02AD7D05A0078459E /* AppDelegate.swift */; };
		EC56FAC32AD7D05A0078459E /* SceneDelegate.swift in Sources */ = {isa = PBXBuildFile; fileRef = EC56FAC22AD7D05A0078459E /* SceneDelegate.swift */; };
		EC56FACA2AD7D05C0078459E /* Assets.xcassets in Resources */ = {isa = PBXBuildFile; fileRef = EC56FAC92AD7D05C0078459E /* Assets.xcassets */; };
		EC56FACD2AD7D05C0078459E /* LaunchScreen.storyboard in Resources */ = {isa = PBXBuildFile; fileRef = EC56FACB2AD7D05C0078459E /* LaunchScreen.storyboard */; };
		EC56FAE02AD7D29B0078459E /* CacheManager.swift in Sources */ = {isa = PBXBuildFile; fileRef = EC56FADF2AD7D29B0078459E /* CacheManager.swift */; };
		EC56FAE22AD7D6B50078459E /* APIURLs.swift in Sources */ = {isa = PBXBuildFile; fileRef = EC56FAE12AD7D6B50078459E /* APIURLs.swift */; };
		EC56FAE42AD7D8FB0078459E /* Constants.swift in Sources */ = {isa = PBXBuildFile; fileRef = EC56FAE32AD7D8FB0078459E /* Constants.swift */; };
		EC56FAE62AD7DA7A0078459E /* CustomError.swift in Sources */ = {isa = PBXBuildFile; fileRef = EC56FAE52AD7DA7A0078459E /* CustomError.swift */; };
		EC56FAE82AD7DA960078459E /* LaunchType.swift in Sources */ = {isa = PBXBuildFile; fileRef = EC56FAE72AD7DA960078459E /* LaunchType.swift */; };
		EC56FAEA2AD7DB2C0078459E /* UIHelper.swift in Sources */ = {isa = PBXBuildFile; fileRef = EC56FAE92AD7DB2C0078459E /* UIHelper.swift */; };
		EC56FAEC2AD7E9CC0078459E /* CGFloat+Ext.swift in Sources */ = {isa = PBXBuildFile; fileRef = EC56FAEB2AD7E9CC0078459E /* CGFloat+Ext.swift */; };
		EC56FAEE2AD7EB750078459E /* Date+Ext.swift in Sources */ = {isa = PBXBuildFile; fileRef = EC56FAED2AD7EB750078459E /* Date+Ext.swift */; };
		EC56FAF02AD7ED080078459E /* UIView+Ext.swift in Sources */ = {isa = PBXBuildFile; fileRef = EC56FAEF2AD7ED080078459E /* UIView+Ext.swift */; };
		EC56FAF32AD7F2980078459E /* SnapKit in Frameworks */ = {isa = PBXBuildFile; productRef = EC56FAF22AD7F2980078459E /* SnapKit */; };
		EC56FAF52AD7F2980078459E /* SnapKit-Dynamic in Frameworks */ = {isa = PBXBuildFile; productRef = EC56FAF42AD7F2980078459E /* SnapKit-Dynamic */; };
		EC56FAF72AD7F3580078459E /* UIViewController+Ext.swift in Sources */ = {isa = PBXBuildFile; fileRef = EC56FAF62AD7F3580078459E /* UIViewController+Ext.swift */; };
		EC56FAF92AD7F3790078459E /* Double.swift in Sources */ = {isa = PBXBuildFile; fileRef = EC56FAF82AD7F3790078459E /* Double.swift */; };
		EC56FAFB2AD7FD520078459E /* NetworkManager.swift in Sources */ = {isa = PBXBuildFile; fileRef = EC56FAFA2AD7FD520078459E /* NetworkManager.swift */; };
		EC56FAFF2AD80C160078459E /* HomeVC.swift in Sources */ = {isa = PBXBuildFile; fileRef = EC56FAFE2AD80C160078459E /* HomeVC.swift */; };
		EC56FB012AD80C750078459E /* Launch.swift in Sources */ = {isa = PBXBuildFile; fileRef = EC56FB002AD80C750078459E /* Launch.swift */; };
		EC7026C42AD82EB700679FCE /* LaunchService.swift in Sources */ = {isa = PBXBuildFile; fileRef = EC7026C32AD82EB700679FCE /* LaunchService.swift */; };
		EC7026C72AD8312700679FCE /* GFButton.swift in Sources */ = {isa = PBXBuildFile; fileRef = EC7026C62AD8312700679FCE /* GFButton.swift */; };
		EC7026CA2AD8430A00679FCE /* AttributeCell.swift in Sources */ = {isa = PBXBuildFile; fileRef = EC7026C92AD8430A00679FCE /* AttributeCell.swift */; };
		EC7026CD2AD848D600679FCE /* GFImageView.swift in Sources */ = {isa = PBXBuildFile; fileRef = EC7026CC2AD848D600679FCE /* GFImageView.swift */; };
		EC7026D02AD84BC000679FCE /* GFTitleLabel.swift in Sources */ = {isa = PBXBuildFile; fileRef = EC7026CF2AD84BC000679FCE /* GFTitleLabel.swift */; };
		EC7026D22AD84C0900679FCE /* GFBodyLabel.swift in Sources */ = {isa = PBXBuildFile; fileRef = EC7026D12AD84C0900679FCE /* GFBodyLabel.swift */; };
		EC7026D52AD84C7200679FCE /* GFAlertContainerView.swift in Sources */ = {isa = PBXBuildFile; fileRef = EC7026D42AD84C7200679FCE /* GFAlertContainerView.swift */; };
		EC7026D72AD88CA900679FCE /* GFStackView.swift in Sources */ = {isa = PBXBuildFile; fileRef = EC7026D62AD88CA900679FCE /* GFStackView.swift */; };
/* End PBXBuildFile section */

/* Begin PBXFileReference section */
		EC56FABD2AD7D05A0078459E /* SpaceX.app */ = {isa = PBXFileReference; explicitFileType = wrapper.application; includeInIndex = 0; path = SpaceX.app; sourceTree = BUILT_PRODUCTS_DIR; };
		EC56FAC02AD7D05A0078459E /* AppDelegate.swift */ = {isa = PBXFileReference; lastKnownFileType = sourcecode.swift; path = AppDelegate.swift; sourceTree = "<group>"; };
		EC56FAC22AD7D05A0078459E /* SceneDelegate.swift */ = {isa = PBXFileReference; lastKnownFileType = sourcecode.swift; path = SceneDelegate.swift; sourceTree = "<group>"; };
		EC56FAC92AD7D05C0078459E /* Assets.xcassets */ = {isa = PBXFileReference; lastKnownFileType = folder.assetcatalog; path = Assets.xcassets; sourceTree = "<group>"; };
		EC56FACC2AD7D05C0078459E /* Base */ = {isa = PBXFileReference; lastKnownFileType = file.storyboard; name = Base; path = Base.lproj/LaunchScreen.storyboard; sourceTree = "<group>"; };
		EC56FACE2AD7D05C0078459E /* Info.plist */ = {isa = PBXFileReference; lastKnownFileType = text.plist.xml; path = Info.plist; sourceTree = "<group>"; };
		EC56FADF2AD7D29B0078459E /* CacheManager.swift */ = {isa = PBXFileReference; lastKnownFileType = sourcecode.swift; path = CacheManager.swift; sourceTree = "<group>"; };
		EC56FAE12AD7D6B50078459E /* APIURLs.swift */ = {isa = PBXFileReference; lastKnownFileType = sourcecode.swift; path = APIURLs.swift; sourceTree = "<group>"; };
		EC56FAE32AD7D8FB0078459E /* Constants.swift */ = {isa = PBXFileReference; lastKnownFileType = sourcecode.swift; path = Constants.swift; sourceTree = "<group>"; };
		EC56FAE52AD7DA7A0078459E /* CustomError.swift */ = {isa = PBXFileReference; lastKnownFileType = sourcecode.swift; path = CustomError.swift; sourceTree = "<group>"; };
		EC56FAE72AD7DA960078459E /* LaunchType.swift */ = {isa = PBXFileReference; lastKnownFileType = sourcecode.swift; path = LaunchType.swift; sourceTree = "<group>"; };
		EC56FAE92AD7DB2C0078459E /* UIHelper.swift */ = {isa = PBXFileReference; lastKnownFileType = sourcecode.swift; path = UIHelper.swift; sourceTree = "<group>"; };
		EC56FAEB2AD7E9CC0078459E /* CGFloat+Ext.swift */ = {isa = PBXFileReference; lastKnownFileType = sourcecode.swift; path = "CGFloat+Ext.swift"; sourceTree = "<group>"; };
		EC56FAED2AD7EB750078459E /* Date+Ext.swift */ = {isa = PBXFileReference; lastKnownFileType = sourcecode.swift; path = "Date+Ext.swift"; sourceTree = "<group>"; };
		EC56FAEF2AD7ED080078459E /* UIView+Ext.swift */ = {isa = PBXFileReference; lastKnownFileType = sourcecode.swift; path = "UIView+Ext.swift"; sourceTree = "<group>"; };
		EC56FAF62AD7F3580078459E /* UIViewController+Ext.swift */ = {isa = PBXFileReference; lastKnownFileType = sourcecode.swift; path = "UIViewController+Ext.swift"; sourceTree = "<group>"; };
		EC56FAF82AD7F3790078459E /* Double.swift */ = {isa = PBXFileReference; lastKnownFileType = sourcecode.swift; path = Double.swift; sourceTree = "<group>"; };
		EC56FAFA2AD7FD520078459E /* NetworkManager.swift */ = {isa = PBXFileReference; lastKnownFileType = sourcecode.swift; path = NetworkManager.swift; sourceTree = "<group>"; };
		EC56FAFE2AD80C160078459E /* HomeVC.swift */ = {isa = PBXFileReference; lastKnownFileType = sourcecode.swift; path = HomeVC.swift; sourceTree = "<group>"; };
		EC56FB002AD80C750078459E /* Launch.swift */ = {isa = PBXFileReference; lastKnownFileType = sourcecode.swift; path = Launch.swift; sourceTree = "<group>"; };
		EC7026C32AD82EB700679FCE /* LaunchService.swift */ = {isa = PBXFileReference; lastKnownFileType = sourcecode.swift; path = LaunchService.swift; sourceTree = "<group>"; };
		EC7026C62AD8312700679FCE /* GFButton.swift */ = {isa = PBXFileReference; lastKnownFileType = sourcecode.swift; path = GFButton.swift; sourceTree = "<group>"; };
		EC7026C92AD8430A00679FCE /* AttributeCell.swift */ = {isa = PBXFileReference; lastKnownFileType = sourcecode.swift; path = AttributeCell.swift; sourceTree = "<group>"; };
		EC7026CC2AD848D600679FCE /* GFImageView.swift */ = {isa = PBXFileReference; lastKnownFileType = sourcecode.swift; path = GFImageView.swift; sourceTree = "<group>"; };
		EC7026CF2AD84BC000679FCE /* GFTitleLabel.swift */ = {isa = PBXFileReference; lastKnownFileType = sourcecode.swift; path = GFTitleLabel.swift; sourceTree = "<group>"; };
		EC7026D12AD84C0900679FCE /* GFBodyLabel.swift */ = {isa = PBXFileReference; lastKnownFileType = sourcecode.swift; path = GFBodyLabel.swift; sourceTree = "<group>"; };
		EC7026D42AD84C7200679FCE /* GFAlertContainerView.swift */ = {isa = PBXFileReference; lastKnownFileType = sourcecode.swift; path = GFAlertContainerView.swift; sourceTree = "<group>"; };
		EC7026D62AD88CA900679FCE /* GFStackView.swift */ = {isa = PBXFileReference; lastKnownFileType = sourcecode.swift; path = GFStackView.swift; sourceTree = "<group>"; };
/* End PBXFileReference section */

/* Begin PBXFrameworksBuildPhase section */
		EC56FABA2AD7D05A0078459E /* Frameworks */ = {
			isa = PBXFrameworksBuildPhase;
			buildActionMask = 2147483647;
			files = (
				EC56FAF32AD7F2980078459E /* SnapKit in Frameworks */,
				EC56FAF52AD7F2980078459E /* SnapKit-Dynamic in Frameworks */,
			);
			runOnlyForDeploymentPostprocessing = 0;
		};
/* End PBXFrameworksBuildPhase section */

/* Begin PBXGroup section */
		EC56FAB42AD7D05A0078459E = {
			isa = PBXGroup;
			children = (
				EC56FABF2AD7D05A0078459E /* SpaceX */,
				EC56FABE2AD7D05A0078459E /* Products */,
			);
			sourceTree = "<group>";
		};
		EC56FABE2AD7D05A0078459E /* Products */ = {
			isa = PBXGroup;
			children = (
				EC56FABD2AD7D05A0078459E /* SpaceX.app */,
			);
			name = Products;
			sourceTree = "<group>";
		};
		EC56FABF2AD7D05A0078459E /* SpaceX */ = {
			isa = PBXGroup;
			children = (
				EC56FADE2AD7D1B80078459E /* Support */,
				EC56FADB2AD7D1990078459E /* Core */,
				EC56FADA2AD7D1930078459E /* Extensions */,
				EC56FAD92AD7D18B0078459E /* Model */,
				EC56FAD82AD7D1770078459E /* Service */,
				EC56FAD62AD7D11B0078459E /* Utils */,
				EC56FACE2AD7D05C0078459E /* Info.plist */,
			);
			path = SpaceX;
			sourceTree = "<group>";
		};
		EC56FAD42AD7D0830078459E /* Managers */ = {
			isa = PBXGroup;
			children = (
				EC56FADF2AD7D29B0078459E /* CacheManager.swift */,
				EC56FAFA2AD7FD520078459E /* NetworkManager.swift */,
			);
			path = Managers;
			sourceTree = "<group>";
		};
		EC56FAD52AD7D1100078459E /* Helpers */ = {
			isa = PBXGroup;
			children = (
				EC56FAE92AD7DB2C0078459E /* UIHelper.swift */,
			);
			path = Helpers;
			sourceTree = "<group>";
		};
		EC56FAD62AD7D11B0078459E /* Utils */ = {
			isa = PBXGroup;
			children = (
				EC56FAD72AD7D1500078459E /* Enums */,
				EC56FAD52AD7D1100078459E /* Helpers */,
				EC56FAD42AD7D0830078459E /* Managers */,
			);
			path = Utils;
			sourceTree = "<group>";
		};
		EC56FAD72AD7D1500078459E /* Enums */ = {
			isa = PBXGroup;
			children = (
				EC56FAE12AD7D6B50078459E /* APIURLs.swift */,
				EC56FAE32AD7D8FB0078459E /* Constants.swift */,
				EC56FAE52AD7DA7A0078459E /* CustomError.swift */,
				EC56FAE72AD7DA960078459E /* LaunchType.swift */,
			);
			path = Enums;
			sourceTree = "<group>";
		};
		EC56FAD82AD7D1770078459E /* Service */ = {
			isa = PBXGroup;
			children = (
				EC7026C32AD82EB700679FCE /* LaunchService.swift */,
			);
			path = Service;
			sourceTree = "<group>";
		};
		EC56FAD92AD7D18B0078459E /* Model */ = {
			isa = PBXGroup;
			children = (
				EC56FB002AD80C750078459E /* Launch.swift */,
			);
			path = Model;
			sourceTree = "<group>";
		};
		EC56FADA2AD7D1930078459E /* Extensions */ = {
			isa = PBXGroup;
			children = (
				EC56FAEB2AD7E9CC0078459E /* CGFloat+Ext.swift */,
				EC56FAED2AD7EB750078459E /* Date+Ext.swift */,
				EC56FAEF2AD7ED080078459E /* UIView+Ext.swift */,
				EC56FAF82AD7F3790078459E /* Double.swift */,
				EC56FAF62AD7F3580078459E /* UIViewController+Ext.swift */,
			);
			path = Extensions;
			sourceTree = "<group>";
		};
		EC56FADB2AD7D1990078459E /* Core */ = {
			isa = PBXGroup;
			children = (
				EC56FADC2AD7D1A10078459E /* Components */,
				EC56FADD2AD7D1AC0078459E /* Screens */,
			);
			path = Core;
			sourceTree = "<group>";
		};
		EC56FADC2AD7D1A10078459E /* Components */ = {
			isa = PBXGroup;
			children = (
				EC7026C52AD8311600679FCE /* Buttons */,
				EC7026C82AD842F600679FCE /* Cells */,
				EC7026CB2AD848B900679FCE /* ImageView */,
				EC7026CE2AD84BA900679FCE /* Labels */,
				EC7026D32AD84C3700679FCE /* StackViews */,
			);
			path = Components;
			sourceTree = "<group>";
		};
		EC56FADD2AD7D1AC0078459E /* Screens */ = {
			isa = PBXGroup;
			children = (
				EC56FAFD2AD80C0A0078459E /* DetailScreen */,
				EC56FAFC2AD80C050078459E /* HomeScreen */,
			);
			path = Screens;
			sourceTree = "<group>";
		};
		EC56FADE2AD7D1B80078459E /* Support */ = {
			isa = PBXGroup;
			children = (
				EC56FAC02AD7D05A0078459E /* AppDelegate.swift */,
				EC56FAC22AD7D05A0078459E /* SceneDelegate.swift */,
				EC56FAC92AD7D05C0078459E /* Assets.xcassets */,
				EC56FACB2AD7D05C0078459E /* LaunchScreen.storyboard */,
			);
			path = Support;
			sourceTree = "<group>";
		};
		EC56FAFC2AD80C050078459E /* HomeScreen */ = {
			isa = PBXGroup;
			children = (
				EC56FAFE2AD80C160078459E /* HomeVC.swift */,
			);
			path = HomeScreen;
			sourceTree = "<group>";
		};
		EC56FAFD2AD80C0A0078459E /* DetailScreen */ = {
			isa = PBXGroup;
			children = (
			);
			path = DetailScreen;
			sourceTree = "<group>";
		};
		EC7026C52AD8311600679FCE /* Buttons */ = {
			isa = PBXGroup;
			children = (
				EC7026C62AD8312700679FCE /* GFButton.swift */,
			);
			path = Buttons;
			sourceTree = "<group>";
		};
		EC7026C82AD842F600679FCE /* Cells */ = {
			isa = PBXGroup;
			children = (
				EC7026C92AD8430A00679FCE /* AttributeCell.swift */,
			);
			path = Cells;
			sourceTree = "<group>";
		};
		EC7026CB2AD848B900679FCE /* ImageView */ = {
			isa = PBXGroup;
			children = (
				EC7026CC2AD848D600679FCE /* GFImageView.swift */,
			);
			path = ImageView;
			sourceTree = "<group>";
		};
		EC7026CE2AD84BA900679FCE /* Labels */ = {
			isa = PBXGroup;
			children = (
				EC7026CF2AD84BC000679FCE /* GFTitleLabel.swift */,
				EC7026D12AD84C0900679FCE /* GFBodyLabel.swift */,
			);
			path = Labels;
			sourceTree = "<group>";
		};
		EC7026D32AD84C3700679FCE /* StackViews */ = {
			isa = PBXGroup;
			children = (
				EC7026D42AD84C7200679FCE /* GFAlertContainerView.swift */,
				EC7026D62AD88CA900679FCE /* GFStackView.swift */,
			);
			path = StackViews;
			sourceTree = "<group>";
		};
/* End PBXGroup section */

/* Begin PBXNativeTarget section */
		EC56FABC2AD7D05A0078459E /* SpaceX */ = {
			isa = PBXNativeTarget;
			buildConfigurationList = EC56FAD12AD7D05C0078459E /* Build configuration list for PBXNativeTarget "SpaceX" */;
			buildPhases = (
				EC56FAB92AD7D05A0078459E /* Sources */,
				EC56FABA2AD7D05A0078459E /* Frameworks */,
				EC56FABB2AD7D05A0078459E /* Resources */,
			);
			buildRules = (
			);
			dependencies = (
			);
			name = SpaceX;
			packageProductDependencies = (
				EC56FAF22AD7F2980078459E /* SnapKit */,
				EC56FAF42AD7F2980078459E /* SnapKit-Dynamic */,
			);
			productName = SpaceX;
			productReference = EC56FABD2AD7D05A0078459E /* SpaceX.app */;
			productType = "com.apple.product-type.application";
		};
/* End PBXNativeTarget section */

/* Begin PBXProject section */
		EC56FAB52AD7D05A0078459E /* Project object */ = {
			isa = PBXProject;
			attributes = {
				BuildIndependentTargetsInParallel = 1;
				LastSwiftUpdateCheck = 1500;
				LastUpgradeCheck = 1500;
				TargetAttributes = {
					EC56FABC2AD7D05A0078459E = {
						CreatedOnToolsVersion = 15.0;
					};
				};
			};
			buildConfigurationList = EC56FAB82AD7D05A0078459E /* Build configuration list for PBXProject "SpaceX" */;
			compatibilityVersion = "Xcode 14.0";
			developmentRegion = en;
			hasScannedForEncodings = 0;
			knownRegions = (
				en,
				Base,
			);
			mainGroup = EC56FAB42AD7D05A0078459E;
			packageReferences = (
				EC56FAF12AD7F2980078459E /* XCRemoteSwiftPackageReference "SnapKit" */,
			);
			productRefGroup = EC56FABE2AD7D05A0078459E /* Products */;
			projectDirPath = "";
			projectRoot = "";
			targets = (
				EC56FABC2AD7D05A0078459E /* SpaceX */,
			);
		};
/* End PBXProject section */

/* Begin PBXResourcesBuildPhase section */
		EC56FABB2AD7D05A0078459E /* Resources */ = {
			isa = PBXResourcesBuildPhase;
			buildActionMask = 2147483647;
			files = (
				EC56FACD2AD7D05C0078459E /* LaunchScreen.storyboard in Resources */,
				EC56FACA2AD7D05C0078459E /* Assets.xcassets in Resources */,
			);
			runOnlyForDeploymentPostprocessing = 0;
		};
/* End PBXResourcesBuildPhase section */

/* Begin PBXSourcesBuildPhase section */
		EC56FAB92AD7D05A0078459E /* Sources */ = {
			isa = PBXSourcesBuildPhase;
			buildActionMask = 2147483647;
			files = (
				EC56FAE42AD7D8FB0078459E /* Constants.swift in Sources */,
				EC7026D52AD84C7200679FCE /* GFAlertContainerView.swift in Sources */,
				EC7026D72AD88CA900679FCE /* GFStackView.swift in Sources */,
				EC56FAF02AD7ED080078459E /* UIView+Ext.swift in Sources */,
				EC56FB012AD80C750078459E /* Launch.swift in Sources */,
				EC56FAF72AD7F3580078459E /* UIViewController+Ext.swift in Sources */,
				EC7026C42AD82EB700679FCE /* LaunchService.swift in Sources */,
				EC56FAE22AD7D6B50078459E /* APIURLs.swift in Sources */,
				EC56FAF92AD7F3790078459E /* Double.swift in Sources */,
				EC7026CD2AD848D600679FCE /* GFImageView.swift in Sources */,
				EC56FAC12AD7D05A0078459E /* AppDelegate.swift in Sources */,
				EC56FAFF2AD80C160078459E /* HomeVC.swift in Sources */,
				EC56FAE02AD7D29B0078459E /* CacheManager.swift in Sources */,
				EC56FAC32AD7D05A0078459E /* SceneDelegate.swift in Sources */,
				EC56FAE82AD7DA960078459E /* LaunchType.swift in Sources */,
				EC56FAEC2AD7E9CC0078459E /* CGFloat+Ext.swift in Sources */,
				EC56FAFB2AD7FD520078459E /* NetworkManager.swift in Sources */,
				EC7026CA2AD8430A00679FCE /* AttributeCell.swift in Sources */,
				EC7026C72AD8312700679FCE /* GFButton.swift in Sources */,
				EC7026D22AD84C0900679FCE /* GFBodyLabel.swift in Sources */,
				EC56FAE62AD7DA7A0078459E /* CustomError.swift in Sources */,
				EC7026D02AD84BC000679FCE /* GFTitleLabel.swift in Sources */,
				EC56FAEA2AD7DB2C0078459E /* UIHelper.swift in Sources */,
				EC56FAEE2AD7EB750078459E /* Date+Ext.swift in Sources */,
			);
			runOnlyForDeploymentPostprocessing = 0;
		};
/* End PBXSourcesBuildPhase section */

/* Begin PBXVariantGroup section */
		EC56FACB2AD7D05C0078459E /* LaunchScreen.storyboard */ = {
			isa = PBXVariantGroup;
			children = (
				EC56FACC2AD7D05C0078459E /* Base */,
			);
			name = LaunchScreen.storyboard;
			sourceTree = "<group>";
		};
/* End PBXVariantGroup section */

/* Begin XCBuildConfiguration section */
		EC56FACF2AD7D05C0078459E /* Debug */ = {
			isa = XCBuildConfiguration;
			buildSettings = {
				ALWAYS_SEARCH_USER_PATHS = NO;
				ASSETCATALOG_COMPILER_GENERATE_SWIFT_ASSET_SYMBOL_EXTENSIONS = YES;
				CLANG_ANALYZER_NONNULL = YES;
				CLANG_ANALYZER_NUMBER_OBJECT_CONVERSION = YES_AGGRESSIVE;
				CLANG_CXX_LANGUAGE_STANDARD = "gnu++20";
				CLANG_ENABLE_MODULES = YES;
				CLANG_ENABLE_OBJC_ARC = YES;
				CLANG_ENABLE_OBJC_WEAK = YES;
				CLANG_WARN_BLOCK_CAPTURE_AUTORELEASING = YES;
				CLANG_WARN_BOOL_CONVERSION = YES;
				CLANG_WARN_COMMA = YES;
				CLANG_WARN_CONSTANT_CONVERSION = YES;
				CLANG_WARN_DEPRECATED_OBJC_IMPLEMENTATIONS = YES;
				CLANG_WARN_DIRECT_OBJC_ISA_USAGE = YES_ERROR;
				CLANG_WARN_DOCUMENTATION_COMMENTS = YES;
				CLANG_WARN_EMPTY_BODY = YES;
				CLANG_WARN_ENUM_CONVERSION = YES;
				CLANG_WARN_INFINITE_RECURSION = YES;
				CLANG_WARN_INT_CONVERSION = YES;
				CLANG_WARN_NON_LITERAL_NULL_CONVERSION = YES;
				CLANG_WARN_OBJC_IMPLICIT_RETAIN_SELF = YES;
				CLANG_WARN_OBJC_LITERAL_CONVERSION = YES;
				CLANG_WARN_OBJC_ROOT_CLASS = YES_ERROR;
				CLANG_WARN_QUOTED_INCLUDE_IN_FRAMEWORK_HEADER = YES;
				CLANG_WARN_RANGE_LOOP_ANALYSIS = YES;
				CLANG_WARN_STRICT_PROTOTYPES = YES;
				CLANG_WARN_SUSPICIOUS_MOVE = YES;
				CLANG_WARN_UNGUARDED_AVAILABILITY = YES_AGGRESSIVE;
				CLANG_WARN_UNREACHABLE_CODE = YES;
				CLANG_WARN__DUPLICATE_METHOD_MATCH = YES;
				COPY_PHASE_STRIP = NO;
				DEBUG_INFORMATION_FORMAT = dwarf;
				ENABLE_STRICT_OBJC_MSGSEND = YES;
				ENABLE_TESTABILITY = YES;
				ENABLE_USER_SCRIPT_SANDBOXING = YES;
				GCC_C_LANGUAGE_STANDARD = gnu17;
				GCC_DYNAMIC_NO_PIC = NO;
				GCC_NO_COMMON_BLOCKS = YES;
				GCC_OPTIMIZATION_LEVEL = 0;
				GCC_PREPROCESSOR_DEFINITIONS = (
					"DEBUG=1",
					"$(inherited)",
				);
				GCC_WARN_64_TO_32_BIT_CONVERSION = YES;
				GCC_WARN_ABOUT_RETURN_TYPE = YES_ERROR;
				GCC_WARN_UNDECLARED_SELECTOR = YES;
				GCC_WARN_UNINITIALIZED_AUTOS = YES_AGGRESSIVE;
				GCC_WARN_UNUSED_FUNCTION = YES;
				GCC_WARN_UNUSED_VARIABLE = YES;
				IPHONEOS_DEPLOYMENT_TARGET = 17.0;
				LOCALIZATION_PREFERS_STRING_CATALOGS = YES;
				MTL_ENABLE_DEBUG_INFO = INCLUDE_SOURCE;
				MTL_FAST_MATH = YES;
				ONLY_ACTIVE_ARCH = YES;
				SDKROOT = iphoneos;
				SWIFT_ACTIVE_COMPILATION_CONDITIONS = "DEBUG $(inherited)";
				SWIFT_OPTIMIZATION_LEVEL = "-Onone";
			};
			name = Debug;
		};
		EC56FAD02AD7D05C0078459E /* Release */ = {
			isa = XCBuildConfiguration;
			buildSettings = {
				ALWAYS_SEARCH_USER_PATHS = NO;
				ASSETCATALOG_COMPILER_GENERATE_SWIFT_ASSET_SYMBOL_EXTENSIONS = YES;
				CLANG_ANALYZER_NONNULL = YES;
				CLANG_ANALYZER_NUMBER_OBJECT_CONVERSION = YES_AGGRESSIVE;
				CLANG_CXX_LANGUAGE_STANDARD = "gnu++20";
				CLANG_ENABLE_MODULES = YES;
				CLANG_ENABLE_OBJC_ARC = YES;
				CLANG_ENABLE_OBJC_WEAK = YES;
				CLANG_WARN_BLOCK_CAPTURE_AUTORELEASING = YES;
				CLANG_WARN_BOOL_CONVERSION = YES;
				CLANG_WARN_COMMA = YES;
				CLANG_WARN_CONSTANT_CONVERSION = YES;
				CLANG_WARN_DEPRECATED_OBJC_IMPLEMENTATIONS = YES;
				CLANG_WARN_DIRECT_OBJC_ISA_USAGE = YES_ERROR;
				CLANG_WARN_DOCUMENTATION_COMMENTS = YES;
				CLANG_WARN_EMPTY_BODY = YES;
				CLANG_WARN_ENUM_CONVERSION = YES;
				CLANG_WARN_INFINITE_RECURSION = YES;
				CLANG_WARN_INT_CONVERSION = YES;
				CLANG_WARN_NON_LITERAL_NULL_CONVERSION = YES;
				CLANG_WARN_OBJC_IMPLICIT_RETAIN_SELF = YES;
				CLANG_WARN_OBJC_LITERAL_CONVERSION = YES;
				CLANG_WARN_OBJC_ROOT_CLASS = YES_ERROR;
				CLANG_WARN_QUOTED_INCLUDE_IN_FRAMEWORK_HEADER = YES;
				CLANG_WARN_RANGE_LOOP_ANALYSIS = YES;
				CLANG_WARN_STRICT_PROTOTYPES = YES;
				CLANG_WARN_SUSPICIOUS_MOVE = YES;
				CLANG_WARN_UNGUARDED_AVAILABILITY = YES_AGGRESSIVE;
				CLANG_WARN_UNREACHABLE_CODE = YES;
				CLANG_WARN__DUPLICATE_METHOD_MATCH = YES;
				COPY_PHASE_STRIP = NO;
				DEBUG_INFORMATION_FORMAT = "dwarf-with-dsym";
				ENABLE_NS_ASSERTIONS = NO;
				ENABLE_STRICT_OBJC_MSGSEND = YES;
				ENABLE_USER_SCRIPT_SANDBOXING = YES;
				GCC_C_LANGUAGE_STANDARD = gnu17;
				GCC_NO_COMMON_BLOCKS = YES;
				GCC_WARN_64_TO_32_BIT_CONVERSION = YES;
				GCC_WARN_ABOUT_RETURN_TYPE = YES_ERROR;
				GCC_WARN_UNDECLARED_SELECTOR = YES;
				GCC_WARN_UNINITIALIZED_AUTOS = YES_AGGRESSIVE;
				GCC_WARN_UNUSED_FUNCTION = YES;
				GCC_WARN_UNUSED_VARIABLE = YES;
				IPHONEOS_DEPLOYMENT_TARGET = 17.0;
				LOCALIZATION_PREFERS_STRING_CATALOGS = YES;
				MTL_ENABLE_DEBUG_INFO = NO;
				MTL_FAST_MATH = YES;
				SDKROOT = iphoneos;
				SWIFT_COMPILATION_MODE = wholemodule;
				VALIDATE_PRODUCT = YES;
			};
			name = Release;
		};
		EC56FAD22AD7D05C0078459E /* Debug */ = {
			isa = XCBuildConfiguration;
			buildSettings = {
				ASSETCATALOG_COMPILER_APPICON_NAME = AppIcon;
				ASSETCATALOG_COMPILER_GLOBAL_ACCENT_COLOR_NAME = AccentColor;
				CODE_SIGN_STYLE = Automatic;
				CURRENT_PROJECT_VERSION = 1;
				DEVELOPMENT_TEAM = 3KRQW7JR73;
				GENERATE_INFOPLIST_FILE = YES;
				INFOPLIST_FILE = SpaceX/Info.plist;
				INFOPLIST_KEY_UIApplicationSupportsIndirectInputEvents = YES;
				INFOPLIST_KEY_UILaunchStoryboardName = LaunchScreen;
				INFOPLIST_KEY_UISupportedInterfaceOrientations_iPad = "UIInterfaceOrientationPortrait UIInterfaceOrientationPortraitUpsideDown UIInterfaceOrientationLandscapeLeft UIInterfaceOrientationLandscapeRight";
				INFOPLIST_KEY_UISupportedInterfaceOrientations_iPhone = "UIInterfaceOrientationPortrait UIInterfaceOrientationLandscapeLeft UIInterfaceOrientationLandscapeRight";
				LD_RUNPATH_SEARCH_PATHS = (
					"$(inherited)",
					"@executable_path/Frameworks",
				);
				MARKETING_VERSION = 1.0;
				PRODUCT_BUNDLE_IDENTIFIER = enes.SpaceX;
				PRODUCT_NAME = "$(TARGET_NAME)";
				SUPPORTED_PLATFORMS = "iphoneos iphonesimulator";
				SUPPORTS_MACCATALYST = NO;
				SUPPORTS_MAC_DESIGNED_FOR_IPHONE_IPAD = NO;
				SWIFT_EMIT_LOC_STRINGS = YES;
				SWIFT_VERSION = 5.0;
				TARGETED_DEVICE_FAMILY = "1,2";
			};
			name = Debug;
		};
		EC56FAD32AD7D05C0078459E /* Release */ = {
			isa = XCBuildConfiguration;
			buildSettings = {
				ASSETCATALOG_COMPILER_APPICON_NAME = AppIcon;
				ASSETCATALOG_COMPILER_GLOBAL_ACCENT_COLOR_NAME = AccentColor;
				CODE_SIGN_STYLE = Automatic;
				CURRENT_PROJECT_VERSION = 1;
				DEVELOPMENT_TEAM = 3KRQW7JR73;
				GENERATE_INFOPLIST_FILE = YES;
				INFOPLIST_FILE = SpaceX/Info.plist;
				INFOPLIST_KEY_UIApplicationSupportsIndirectInputEvents = YES;
				INFOPLIST_KEY_UILaunchStoryboardName = LaunchScreen;
				INFOPLIST_KEY_UISupportedInterfaceOrientations_iPad = "UIInterfaceOrientationPortrait UIInterfaceOrientationPortraitUpsideDown UIInterfaceOrientationLandscapeLeft UIInterfaceOrientationLandscapeRight";
				INFOPLIST_KEY_UISupportedInterfaceOrientations_iPhone = "UIInterfaceOrientationPortrait UIInterfaceOrientationLandscapeLeft UIInterfaceOrientationLandscapeRight";
				LD_RUNPATH_SEARCH_PATHS = (
					"$(inherited)",
					"@executable_path/Frameworks",
				);
				MARKETING_VERSION = 1.0;
				PRODUCT_BUNDLE_IDENTIFIER = enes.SpaceX;
				PRODUCT_NAME = "$(TARGET_NAME)";
				SUPPORTED_PLATFORMS = "iphoneos iphonesimulator";
				SUPPORTS_MACCATALYST = NO;
				SUPPORTS_MAC_DESIGNED_FOR_IPHONE_IPAD = NO;
				SWIFT_EMIT_LOC_STRINGS = YES;
				SWIFT_VERSION = 5.0;
				TARGETED_DEVICE_FAMILY = "1,2";
			};
			name = Release;
		};
/* End XCBuildConfiguration section */

/* Begin XCConfigurationList section */
		EC56FAB82AD7D05A0078459E /* Build configuration list for PBXProject "SpaceX" */ = {
			isa = XCConfigurationList;
			buildConfigurations = (
				EC56FACF2AD7D05C0078459E /* Debug */,
				EC56FAD02AD7D05C0078459E /* Release */,
			);
			defaultConfigurationIsVisible = 0;
			defaultConfigurationName = Release;
		};
		EC56FAD12AD7D05C0078459E /* Build configuration list for PBXNativeTarget "SpaceX" */ = {
			isa = XCConfigurationList;
			buildConfigurations = (
				EC56FAD22AD7D05C0078459E /* Debug */,
				EC56FAD32AD7D05C0078459E /* Release */,
			);
			defaultConfigurationIsVisible = 0;
			defaultConfigurationName = Release;
		};
/* End XCConfigurationList section */

/* Begin XCRemoteSwiftPackageReference section */
		EC56FAF12AD7F2980078459E /* XCRemoteSwiftPackageReference "SnapKit" */ = {
			isa = XCRemoteSwiftPackageReference;
			repositoryURL = "https://github.com/SnapKit/SnapKit.git";
			requirement = {
				kind = upToNextMajorVersion;
				minimumVersion = 5.6.0;
			};
		};
/* End XCRemoteSwiftPackageReference section */

/* Begin XCSwiftPackageProductDependency section */
		EC56FAF22AD7F2980078459E /* SnapKit */ = {
			isa = XCSwiftPackageProductDependency;
			package = EC56FAF12AD7F2980078459E /* XCRemoteSwiftPackageReference "SnapKit" */;
			productName = SnapKit;
		};
		EC56FAF42AD7F2980078459E /* SnapKit-Dynamic */ = {
			isa = XCSwiftPackageProductDependency;
			package = EC56FAF12AD7F2980078459E /* XCRemoteSwiftPackageReference "SnapKit" */;
			productName = "SnapKit-Dynamic";
		};
/* End XCSwiftPackageProductDependency section */
	};
	rootObject = EC56FAB52AD7D05A0078459E /* Project object */;
}
